// !$*UTF8*$!
{
	archiveVersion = 1;
	classes = {
	};
	objectVersion = 46;
	objects = {

/* Begin PBXBuildFile section */
		86412C5619A1E7C7005F7212 /* Foundation.framework in Frameworks */ = {isa = PBXBuildFile; fileRef = 86412C5519A1E7C7005F7212 /* Foundation.framework */; };
		86412C5819A1E7C7005F7212 /* CoreGraphics.framework in Frameworks */ = {isa = PBXBuildFile; fileRef = 86412C5719A1E7C7005F7212 /* CoreGraphics.framework */; };
		86412C5A19A1E7C7005F7212 /* UIKit.framework in Frameworks */ = {isa = PBXBuildFile; fileRef = 86412C5919A1E7C7005F7212 /* UIKit.framework */; };
		86412C6019A1E7C7005F7212 /* InfoPlist.strings in Resources */ = {isa = PBXBuildFile; fileRef = 86412C5E19A1E7C7005F7212 /* InfoPlist.strings */; };
		86412C6219A1E7C7005F7212 /* main.m in Sources */ = {isa = PBXBuildFile; fileRef = 86412C6119A1E7C7005F7212 /* main.m */; };
		86412C6619A1E7C7005F7212 /* com_jaspervineAppDelegate.m in Sources */ = {isa = PBXBuildFile; fileRef = 86412C6519A1E7C7005F7212 /* com_jaspervineAppDelegate.m */; };
		86412C6819A1E7C7005F7212 /* Images.xcassets in Resources */ = {isa = PBXBuildFile; fileRef = 86412C6719A1E7C7005F7212 /* Images.xcassets */; };
		86412C6F19A1E7C7005F7212 /* XCTest.framework in Frameworks */ = {isa = PBXBuildFile; fileRef = 86412C6E19A1E7C7005F7212 /* XCTest.framework */; };
		86412C7019A1E7C8005F7212 /* Foundation.framework in Frameworks */ = {isa = PBXBuildFile; fileRef = 86412C5519A1E7C7005F7212 /* Foundation.framework */; };
		86412C7119A1E7C8005F7212 /* UIKit.framework in Frameworks */ = {isa = PBXBuildFile; fileRef = 86412C5919A1E7C7005F7212 /* UIKit.framework */; };
		86412C7919A1E7C8005F7212 /* InfoPlist.strings in Resources */ = {isa = PBXBuildFile; fileRef = 86412C7719A1E7C8005F7212 /* InfoPlist.strings */; };
		86412C7B19A1E7C8005F7212 /* SimpleWeatherTests.m in Sources */ = {isa = PBXBuildFile; fileRef = 86412C7A19A1E7C8005F7212 /* SimpleWeatherTests.m */; };
		86A2382919A1EA04003FF2FC /* WXViewController.m in Sources */ = {isa = PBXBuildFile; fileRef = 86A2382819A1EA04003FF2FC /* WXViewController.m */; };
		86A2384619A1EBB4003FF2FC /* bg.png in Resources */ = {isa = PBXBuildFile; fileRef = 86A2382B19A1EBB4003FF2FC /* bg.png */; };
		86A2384719A1EBB4003FF2FC /* bg@2x.png in Resources */ = {isa = PBXBuildFile; fileRef = 86A2382C19A1EBB4003FF2FC /* bg@2x.png */; };
		86A2384819A1EBB4003FF2FC /* weather-broken.png in Resources */ = {isa = PBXBuildFile; fileRef = 86A2382E19A1EBB4003FF2FC /* weather-broken.png */; };
		86A2384919A1EBB4003FF2FC /* weather-broken@2x.png in Resources */ = {isa = PBXBuildFile; fileRef = 86A2382F19A1EBB4003FF2FC /* weather-broken@2x.png */; };
		86A2384A19A1EBB4003FF2FC /* weather-clear.png in Resources */ = {isa = PBXBuildFile; fileRef = 86A2383019A1EBB4003FF2FC /* weather-clear.png */; };
		86A2384B19A1EBB4003FF2FC /* weather-clear@2x.png in Resources */ = {isa = PBXBuildFile; fileRef = 86A2383119A1EBB4003FF2FC /* weather-clear@2x.png */; };
		86A2384C19A1EBB4003FF2FC /* weather-few-night.png in Resources */ = {isa = PBXBuildFile; fileRef = 86A2383219A1EBB4003FF2FC /* weather-few-night.png */; };
		86A2384D19A1EBB4003FF2FC /* weather-few-night@2x.png in Resources */ = {isa = PBXBuildFile; fileRef = 86A2383319A1EBB4003FF2FC /* weather-few-night@2x.png */; };
		86A2384E19A1EBB4003FF2FC /* weather-few.png in Resources */ = {isa = PBXBuildFile; fileRef = 86A2383419A1EBB4003FF2FC /* weather-few.png */; };
		86A2384F19A1EBB4003FF2FC /* weather-few@2x.png in Resources */ = {isa = PBXBuildFile; fileRef = 86A2383519A1EBB4003FF2FC /* weather-few@2x.png */; };
		86A2385019A1EBB4003FF2FC /* weather-mist.png in Resources */ = {isa = PBXBuildFile; fileRef = 86A2383619A1EBB4003FF2FC /* weather-mist.png */; };
		86A2385119A1EBB4003FF2FC /* weather-mist@2x.png in Resources */ = {isa = PBXBuildFile; fileRef = 86A2383719A1EBB4003FF2FC /* weather-mist@2x.png */; };
		86A2385219A1EBB4003FF2FC /* weather-moon.png in Resources */ = {isa = PBXBuildFile; fileRef = 86A2383819A1EBB4003FF2FC /* weather-moon.png */; };
		86A2385319A1EBB4003FF2FC /* weather-moon@2x.png in Resources */ = {isa = PBXBuildFile; fileRef = 86A2383919A1EBB4003FF2FC /* weather-moon@2x.png */; };
		86A2385419A1EBB4003FF2FC /* weather-rain-night.png in Resources */ = {isa = PBXBuildFile; fileRef = 86A2383A19A1EBB4003FF2FC /* weather-rain-night.png */; };
		86A2385519A1EBB4003FF2FC /* weather-rain-night@2x.png in Resources */ = {isa = PBXBuildFile; fileRef = 86A2383B19A1EBB4003FF2FC /* weather-rain-night@2x.png */; };
		86A2385619A1EBB4003FF2FC /* weather-rain.png in Resources */ = {isa = PBXBuildFile; fileRef = 86A2383C19A1EBB4003FF2FC /* weather-rain.png */; };
		86A2385719A1EBB4003FF2FC /* weather-rain@2x.png in Resources */ = {isa = PBXBuildFile; fileRef = 86A2383D19A1EBB4003FF2FC /* weather-rain@2x.png */; };
		86A2385819A1EBB4003FF2FC /* weather-scattered.png in Resources */ = {isa = PBXBuildFile; fileRef = 86A2383E19A1EBB4003FF2FC /* weather-scattered.png */; };
		86A2385919A1EBB4003FF2FC /* weather-scattered@2x.png in Resources */ = {isa = PBXBuildFile; fileRef = 86A2383F19A1EBB4003FF2FC /* weather-scattered@2x.png */; };
		86A2385A19A1EBB4003FF2FC /* weather-shower.png in Resources */ = {isa = PBXBuildFile; fileRef = 86A2384019A1EBB4003FF2FC /* weather-shower.png */; };
		86A2385B19A1EBB4003FF2FC /* weather-shower@2x.png in Resources */ = {isa = PBXBuildFile; fileRef = 86A2384119A1EBB4003FF2FC /* weather-shower@2x.png */; };
		86A2385C19A1EBB4003FF2FC /* weather-snow.png in Resources */ = {isa = PBXBuildFile; fileRef = 86A2384219A1EBB4003FF2FC /* weather-snow.png */; };
		86A2385D19A1EBB4003FF2FC /* weather-snow@2x.png in Resources */ = {isa = PBXBuildFile; fileRef = 86A2384319A1EBB4003FF2FC /* weather-snow@2x.png */; };
		86A2385E19A1EBB4003FF2FC /* weather-tstorm.png in Resources */ = {isa = PBXBuildFile; fileRef = 86A2384419A1EBB4003FF2FC /* weather-tstorm.png */; };
		86A2385F19A1EBB4003FF2FC /* weather-tstorm@2x.png in Resources */ = {isa = PBXBuildFile; fileRef = 86A2384519A1EBB4003FF2FC /* weather-tstorm@2x.png */; };
		86A2386519A1EF77003FF2FC /* WXClient.m in Sources */ = {isa = PBXBuildFile; fileRef = 86A2386419A1EF77003FF2FC /* WXClient.m */; };
		86A2386819A1EF92003FF2FC /* WXManager.m in Sources */ = {isa = PBXBuildFile; fileRef = 86A2386719A1EF92003FF2FC /* WXManager.m */; };
		86A2386B19A1EF9D003FF2FC /* WXCondition.m in Sources */ = {isa = PBXBuildFile; fileRef = 86A2386A19A1EF9D003FF2FC /* WXCondition.m */; };
		86A2386E19A1EFAB003FF2FC /* WXDailyForecast.m in Sources */ = {isa = PBXBuildFile; fileRef = 86A2386D19A1EFAB003FF2FC /* WXDailyForecast.m */; };
		8B3E9E903B404E3484CCB4FD /* libPods.a in Frameworks */ = {isa = PBXBuildFile; fileRef = 5DCC7C58A5BE497C8B161690 /* libPods.a */; };
/* End PBXBuildFile section */

/* Begin PBXContainerItemProxy section */
		86412C7219A1E7C8005F7212 /* PBXContainerItemProxy */ = {
			isa = PBXContainerItemProxy;
			containerPortal = 86412C4A19A1E7C7005F7212 /* Project object */;
			proxyType = 1;
			remoteGlobalIDString = 86412C5119A1E7C7005F7212;
			remoteInfo = SimpleWeather;
		};
/* End PBXContainerItemProxy section */

/* Begin PBXFileReference section */
		5DCC7C58A5BE497C8B161690 /* libPods.a */ = {isa = PBXFileReference; explicitFileType = archive.ar; includeInIndex = 0; path = libPods.a; sourceTree = BUILT_PRODUCTS_DIR; };
		74A00731F6D4435CBE5E55FD /* Pods.xcconfig */ = {isa = PBXFileReference; includeInIndex = 1; lastKnownFileType = text.xcconfig; name = Pods.xcconfig; path = Pods/Pods.xcconfig; sourceTree = "<group>"; };
		86412C5219A1E7C7005F7212 /* SimpleWeather.app */ = {isa = PBXFileReference; explicitFileType = wrapper.application; includeInIndex = 0; path = SimpleWeather.app; sourceTree = BUILT_PRODUCTS_DIR; };
		86412C5519A1E7C7005F7212 /* Foundation.framework */ = {isa = PBXFileReference; lastKnownFileType = wrapper.framework; name = Foundation.framework; path = System/Library/Frameworks/Foundation.framework; sourceTree = SDKROOT; };
		86412C5719A1E7C7005F7212 /* CoreGraphics.framework */ = {isa = PBXFileReference; lastKnownFileType = wrapper.framework; name = CoreGraphics.framework; path = System/Library/Frameworks/CoreGraphics.framework; sourceTree = SDKROOT; };
		86412C5919A1E7C7005F7212 /* UIKit.framework */ = {isa = PBXFileReference; lastKnownFileType = wrapper.framework; name = UIKit.framework; path = System/Library/Frameworks/UIKit.framework; sourceTree = SDKROOT; };
		86412C5D19A1E7C7005F7212 /* SimpleWeather-Info.plist */ = {isa = PBXFileReference; lastKnownFileType = text.plist.xml; path = "SimpleWeather-Info.plist"; sourceTree = "<group>"; };
		86412C5F19A1E7C7005F7212 /* en */ = {isa = PBXFileReference; lastKnownFileType = text.plist.strings; name = en; path = en.lproj/InfoPlist.strings; sourceTree = "<group>"; };
		86412C6119A1E7C7005F7212 /* main.m */ = {isa = PBXFileReference; lastKnownFileType = sourcecode.c.objc; path = main.m; sourceTree = "<group>"; };
		86412C6319A1E7C7005F7212 /* SimpleWeather-Prefix.pch */ = {isa = PBXFileReference; lastKnownFileType = sourcecode.c.h; path = "SimpleWeather-Prefix.pch"; sourceTree = "<group>"; };
		86412C6419A1E7C7005F7212 /* com_jaspervineAppDelegate.h */ = {isa = PBXFileReference; lastKnownFileType = sourcecode.c.h; path = com_jaspervineAppDelegate.h; sourceTree = "<group>"; };
		86412C6519A1E7C7005F7212 /* com_jaspervineAppDelegate.m */ = {isa = PBXFileReference; lastKnownFileType = sourcecode.c.objc; path = com_jaspervineAppDelegate.m; sourceTree = "<group>"; };
		86412C6719A1E7C7005F7212 /* Images.xcassets */ = {isa = PBXFileReference; lastKnownFileType = folder.assetcatalog; path = Images.xcassets; sourceTree = "<group>"; };
		86412C6D19A1E7C7005F7212 /* SimpleWeatherTests.xctest */ = {isa = PBXFileReference; explicitFileType = wrapper.cfbundle; includeInIndex = 0; path = SimpleWeatherTests.xctest; sourceTree = BUILT_PRODUCTS_DIR; };
		86412C6E19A1E7C7005F7212 /* XCTest.framework */ = {isa = PBXFileReference; lastKnownFileType = wrapper.framework; name = XCTest.framework; path = Library/Frameworks/XCTest.framework; sourceTree = DEVELOPER_DIR; };
		86412C7619A1E7C8005F7212 /* SimpleWeatherTests-Info.plist */ = {isa = PBXFileReference; lastKnownFileType = text.plist.xml; path = "SimpleWeatherTests-Info.plist"; sourceTree = "<group>"; };
		86412C7819A1E7C8005F7212 /* en */ = {isa = PBXFileReference; lastKnownFileType = text.plist.strings; name = en; path = en.lproj/InfoPlist.strings; sourceTree = "<group>"; };
		86412C7A19A1E7C8005F7212 /* SimpleWeatherTests.m */ = {isa = PBXFileReference; lastKnownFileType = sourcecode.c.objc; path = SimpleWeatherTests.m; sourceTree = "<group>"; };
		86A2382719A1EA04003FF2FC /* WXViewController.h */ = {isa = PBXFileReference; fileEncoding = 4; lastKnownFileType = sourcecode.c.h; path = WXViewController.h; sourceTree = "<group>"; };
		86A2382819A1EA04003FF2FC /* WXViewController.m */ = {isa = PBXFileReference; fileEncoding = 4; lastKnownFileType = sourcecode.c.objc; path = WXViewController.m; sourceTree = "<group>"; };
		86A2382B19A1EBB4003FF2FC /* bg.png */ = {isa = PBXFileReference; lastKnownFileType = image.png; path = bg.png; sourceTree = "<group>"; };
		86A2382C19A1EBB4003FF2FC /* bg@2x.png */ = {isa = PBXFileReference; lastKnownFileType = image.png; path = "bg@2x.png"; sourceTree = "<group>"; };
		86A2382E19A1EBB4003FF2FC /* weather-broken.png */ = {isa = PBXFileReference; lastKnownFileType = image.png; path = "weather-broken.png"; sourceTree = "<group>"; };
		86A2382F19A1EBB4003FF2FC /* weather-broken@2x.png */ = {isa = PBXFileReference; lastKnownFileType = image.png; path = "weather-broken@2x.png"; sourceTree = "<group>"; };
		86A2383019A1EBB4003FF2FC /* weather-clear.png */ = {isa = PBXFileReference; lastKnownFileType = image.png; path = "weather-clear.png"; sourceTree = "<group>"; };
		86A2383119A1EBB4003FF2FC /* weather-clear@2x.png */ = {isa = PBXFileReference; lastKnownFileType = image.png; path = "weather-clear@2x.png"; sourceTree = "<group>"; };
		86A2383219A1EBB4003FF2FC /* weather-few-night.png */ = {isa = PBXFileReference; lastKnownFileType = image.png; path = "weather-few-night.png"; sourceTree = "<group>"; };
		86A2383319A1EBB4003FF2FC /* weather-few-night@2x.png */ = {isa = PBXFileReference; lastKnownFileType = image.png; path = "weather-few-night@2x.png"; sourceTree = "<group>"; };
		86A2383419A1EBB4003FF2FC /* weather-few.png */ = {isa = PBXFileReference; lastKnownFileType = image.png; path = "weather-few.png"; sourceTree = "<group>"; };
		86A2383519A1EBB4003FF2FC /* weather-few@2x.png */ = {isa = PBXFileReference; lastKnownFileType = image.png; path = "weather-few@2x.png"; sourceTree = "<group>"; };
		86A2383619A1EBB4003FF2FC /* weather-mist.png */ = {isa = PBXFileReference; lastKnownFileType = image.png; path = "weather-mist.png"; sourceTree = "<group>"; };
		86A2383719A1EBB4003FF2FC /* weather-mist@2x.png */ = {isa = PBXFileReference; lastKnownFileType = image.png; path = "weather-mist@2x.png"; sourceTree = "<group>"; };
		86A2383819A1EBB4003FF2FC /* weather-moon.png */ = {isa = PBXFileReference; lastKnownFileType = image.png; path = "weather-moon.png"; sourceTree = "<group>"; };
		86A2383919A1EBB4003FF2FC /* weather-moon@2x.png */ = {isa = PBXFileReference; lastKnownFileType = image.png; path = "weather-moon@2x.png"; sourceTree = "<group>"; };
		86A2383A19A1EBB4003FF2FC /* weather-rain-night.png */ = {isa = PBXFileReference; lastKnownFileType = image.png; path = "weather-rain-night.png"; sourceTree = "<group>"; };
		86A2383B19A1EBB4003FF2FC /* weather-rain-night@2x.png */ = {isa = PBXFileReference; lastKnownFileType = image.png; path = "weather-rain-night@2x.png"; sourceTree = "<group>"; };
		86A2383C19A1EBB4003FF2FC /* weather-rain.png */ = {isa = PBXFileReference; lastKnownFileType = image.png; path = "weather-rain.png"; sourceTree = "<group>"; };
		86A2383D19A1EBB4003FF2FC /* weather-rain@2x.png */ = {isa = PBXFileReference; lastKnownFileType = image.png; path = "weather-rain@2x.png"; sourceTree = "<group>"; };
		86A2383E19A1EBB4003FF2FC /* weather-scattered.png */ = {isa = PBXFileReference; lastKnownFileType = image.png; path = "weather-scattered.png"; sourceTree = "<group>"; };
		86A2383F19A1EBB4003FF2FC /* weather-scattered@2x.png */ = {isa = PBXFileReference; lastKnownFileType = image.png; path = "weather-scattered@2x.png"; sourceTree = "<group>"; };
		86A2384019A1EBB4003FF2FC /* weather-shower.png */ = {isa = PBXFileReference; lastKnownFileType = image.png; path = "weather-shower.png"; sourceTree = "<group>"; };
		86A2384119A1EBB4003FF2FC /* weather-shower@2x.png */ = {isa = PBXFileReference; lastKnownFileType = image.png; path = "weather-shower@2x.png"; sourceTree = "<group>"; };
		86A2384219A1EBB4003FF2FC /* weather-snow.png */ = {isa = PBXFileReference; lastKnownFileType = image.png; path = "weather-snow.png"; sourceTree = "<group>"; };
		86A2384319A1EBB4003FF2FC /* weather-snow@2x.png */ = {isa = PBXFileReference; lastKnownFileType = image.png; path = "weather-snow@2x.png"; sourceTree = "<group>"; };
		86A2384419A1EBB4003FF2FC /* weather-tstorm.png */ = {isa = PBXFileReference; lastKnownFileType = image.png; path = "weather-tstorm.png"; sourceTree = "<group>"; };
		86A2384519A1EBB4003FF2FC /* weather-tstorm@2x.png */ = {isa = PBXFileReference; lastKnownFileType = image.png; path = "weather-tstorm@2x.png"; sourceTree = "<group>"; };
		86A2386319A1EF77003FF2FC /* WXClient.h */ = {isa = PBXFileReference; fileEncoding = 4; lastKnownFileType = sourcecode.c.h; path = WXClient.h; sourceTree = "<group>"; };
		86A2386419A1EF77003FF2FC /* WXClient.m */ = {isa = PBXFileReference; fileEncoding = 4; lastKnownFileType = sourcecode.c.objc; path = WXClient.m; sourceTree = "<group>"; };
		86A2386619A1EF92003FF2FC /* WXManager.h */ = {isa = PBXFileReference; fileEncoding = 4; lastKnownFileType = sourcecode.c.h; path = WXManager.h; sourceTree = "<group>"; };
		86A2386719A1EF92003FF2FC /* WXManager.m */ = {isa = PBXFileReference; fileEncoding = 4; lastKnownFileType = sourcecode.c.objc; path = WXManager.m; sourceTree = "<group>"; };
		86A2386919A1EF9D003FF2FC /* WXCondition.h */ = {isa = PBXFileReference; fileEncoding = 4; lastKnownFileType = sourcecode.c.h; path = WXCondition.h; sourceTree = "<group>"; };
		86A2386A19A1EF9D003FF2FC /* WXCondition.m */ = {isa = PBXFileReference; fileEncoding = 4; lastKnownFileType = sourcecode.c.objc; path = WXCondition.m; sourceTree = "<group>"; };
		86A2386C19A1EFAB003FF2FC /* WXDailyForecast.h */ = {isa = PBXFileReference; fileEncoding = 4; lastKnownFileType = sourcecode.c.h; path = WXDailyForecast.h; sourceTree = "<group>"; };
		86A2386D19A1EFAB003FF2FC /* WXDailyForecast.m */ = {isa = PBXFileReference; fileEncoding = 4; lastKnownFileType = sourcecode.c.objc; path = WXDailyForecast.m; sourceTree = "<group>"; };
/* End PBXFileReference section */

/* Begin PBXFrameworksBuildPhase section */
		86412C4F19A1E7C7005F7212 /* Frameworks */ = {
			isa = PBXFrameworksBuildPhase;
			buildActionMask = 2147483647;
			files = (
				86412C5819A1E7C7005F7212 /* CoreGraphics.framework in Frameworks */,
				86412C5A19A1E7C7005F7212 /* UIKit.framework in Frameworks */,
				86412C5619A1E7C7005F7212 /* Foundation.framework in Frameworks */,
				8B3E9E903B404E3484CCB4FD /* libPods.a in Frameworks */,
			);
			runOnlyForDeploymentPostprocessing = 0;
		};
		86412C6A19A1E7C7005F7212 /* Frameworks */ = {
			isa = PBXFrameworksBuildPhase;
			buildActionMask = 2147483647;
			files = (
				86412C6F19A1E7C7005F7212 /* XCTest.framework in Frameworks */,
				86412C7119A1E7C8005F7212 /* UIKit.framework in Frameworks */,
				86412C7019A1E7C8005F7212 /* Foundation.framework in Frameworks */,
			);
			runOnlyForDeploymentPostprocessing = 0;
		};
/* End PBXFrameworksBuildPhase section */

/* Begin PBXGroup section */
		86412C4919A1E7C7005F7212 = {
			isa = PBXGroup;
			children = (
				86412C5B19A1E7C7005F7212 /* SimpleWeather */,
				86412C7419A1E7C8005F7212 /* SimpleWeatherTests */,
				86412C5419A1E7C7005F7212 /* Frameworks */,
				86412C5319A1E7C7005F7212 /* Products */,
				74A00731F6D4435CBE5E55FD /* Pods.xcconfig */,
			);
			sourceTree = "<group>";
		};
		86412C5319A1E7C7005F7212 /* Products */ = {
			isa = PBXGroup;
			children = (
				86412C5219A1E7C7005F7212 /* SimpleWeather.app */,
				86412C6D19A1E7C7005F7212 /* SimpleWeatherTests.xctest */,
			);
			name = Products;
			sourceTree = "<group>";
		};
		86412C5419A1E7C7005F7212 /* Frameworks */ = {
			isa = PBXGroup;
			children = (
				86412C5519A1E7C7005F7212 /* Foundation.framework */,
				86412C5719A1E7C7005F7212 /* CoreGraphics.framework */,
				86412C5919A1E7C7005F7212 /* UIKit.framework */,
				86412C6E19A1E7C7005F7212 /* XCTest.framework */,
				5DCC7C58A5BE497C8B161690 /* libPods.a */,
			);
			name = Frameworks;
			sourceTree = "<group>";
		};
		86412C5B19A1E7C7005F7212 /* SimpleWeather */ = {
			isa = PBXGroup;
			children = (
				86A2386319A1EF77003FF2FC /* WXClient.h */,
				86A2386419A1EF77003FF2FC /* WXClient.m */,
				86412C6419A1E7C7005F7212 /* com_jaspervineAppDelegate.h */,
				86412C6519A1E7C7005F7212 /* com_jaspervineAppDelegate.m */,
				86412C6719A1E7C7005F7212 /* Images.xcassets */,
				86412C5C19A1E7C7005F7212 /* Supporting Files */,
				86A2382719A1EA04003FF2FC /* WXViewController.h */,
				86A2382819A1EA04003FF2FC /* WXViewController.m */,
				86A2382A19A1EBB4003FF2FC /* Images */,
				86A2386619A1EF92003FF2FC /* WXManager.h */,
				86A2386719A1EF92003FF2FC /* WXManager.m */,
				86A2386919A1EF9D003FF2FC /* WXCondition.h */,
				86A2386A19A1EF9D003FF2FC /* WXCondition.m */,
				86A2386C19A1EFAB003FF2FC /* WXDailyForecast.h */,
				86A2386D19A1EFAB003FF2FC /* WXDailyForecast.m */,
			);
			path = SimpleWeather;
			sourceTree = "<group>";
		};
		86412C5C19A1E7C7005F7212 /* Supporting Files */ = {
			isa = PBXGroup;
			children = (
				86412C5D19A1E7C7005F7212 /* SimpleWeather-Info.plist */,
				86412C5E19A1E7C7005F7212 /* InfoPlist.strings */,
				86412C6119A1E7C7005F7212 /* main.m */,
				86412C6319A1E7C7005F7212 /* SimpleWeather-Prefix.pch */,
			);
			name = "Supporting Files";
			sourceTree = "<group>";
		};
		86412C7419A1E7C8005F7212 /* SimpleWeatherTests */ = {
			isa = PBXGroup;
			children = (
				86412C7A19A1E7C8005F7212 /* SimpleWeatherTests.m */,
				86412C7519A1E7C8005F7212 /* Supporting Files */,
			);
			path = SimpleWeatherTests;
			sourceTree = "<group>";
		};
		86412C7519A1E7C8005F7212 /* Supporting Files */ = {
			isa = PBXGroup;
			children = (
				86412C7619A1E7C8005F7212 /* SimpleWeatherTests-Info.plist */,
				86412C7719A1E7C8005F7212 /* InfoPlist.strings */,
			);
			name = "Supporting Files";
			sourceTree = "<group>";
		};
		86A2382A19A1EBB4003FF2FC /* Images */ = {
			isa = PBXGroup;
			children = (
				86A2382B19A1EBB4003FF2FC /* bg.png */,
				86A2382C19A1EBB4003FF2FC /* bg@2x.png */,
				86A2382D19A1EBB4003FF2FC /* Weather Icons */,
			);
			path = Images;
			sourceTree = SOURCE_ROOT;
		};
		86A2382D19A1EBB4003FF2FC /* Weather Icons */ = {
			isa = PBXGroup;
			children = (
				86A2382E19A1EBB4003FF2FC /* weather-broken.png */,
				86A2382F19A1EBB4003FF2FC /* weather-broken@2x.png */,
				86A2383019A1EBB4003FF2FC /* weather-clear.png */,
				86A2383119A1EBB4003FF2FC /* weather-clear@2x.png */,
				86A2383219A1EBB4003FF2FC /* weather-few-night.png */,
				86A2383319A1EBB4003FF2FC /* weather-few-night@2x.png */,
				86A2383419A1EBB4003FF2FC /* weather-few.png */,
				86A2383519A1EBB4003FF2FC /* weather-few@2x.png */,
				86A2383619A1EBB4003FF2FC /* weather-mist.png */,
				86A2383719A1EBB4003FF2FC /* weather-mist@2x.png */,
				86A2383819A1EBB4003FF2FC /* weather-moon.png */,
				86A2383919A1EBB4003FF2FC /* weather-moon@2x.png */,
				86A2383A19A1EBB4003FF2FC /* weather-rain-night.png */,
				86A2383B19A1EBB4003FF2FC /* weather-rain-night@2x.png */,
				86A2383C19A1EBB4003FF2FC /* weather-rain.png */,
				86A2383D19A1EBB4003FF2FC /* weather-rain@2x.png */,
				86A2383E19A1EBB4003FF2FC /* weather-scattered.png */,
				86A2383F19A1EBB4003FF2FC /* weather-scattered@2x.png */,
				86A2384019A1EBB4003FF2FC /* weather-shower.png */,
				86A2384119A1EBB4003FF2FC /* weather-shower@2x.png */,
				86A2384219A1EBB4003FF2FC /* weather-snow.png */,
				86A2384319A1EBB4003FF2FC /* weather-snow@2x.png */,
				86A2384419A1EBB4003FF2FC /* weather-tstorm.png */,
				86A2384519A1EBB4003FF2FC /* weather-tstorm@2x.png */,
			);
			path = "Weather Icons";
			sourceTree = "<group>";
		};
/* End PBXGroup section */

/* Begin PBXNativeTarget section */
		86412C5119A1E7C7005F7212 /* SimpleWeather */ = {
			isa = PBXNativeTarget;
			buildConfigurationList = 86412C7E19A1E7C8005F7212 /* Build configuration list for PBXNativeTarget "SimpleWeather" */;
			buildPhases = (
				96A5B2C7849249B3916B3268 /* Check Pods Manifest.lock */,
				86412C4E19A1E7C7005F7212 /* Sources */,
				86412C4F19A1E7C7005F7212 /* Frameworks */,
				86412C5019A1E7C7005F7212 /* Resources */,
				46716B4F9BEF4C119869E227 /* Copy Pods Resources */,
			);
			buildRules = (
			);
			dependencies = (
			);
			name = SimpleWeather;
			productName = SimpleWeather;
			productReference = 86412C5219A1E7C7005F7212 /* SimpleWeather.app */;
			productType = "com.apple.product-type.application";
		};
		86412C6C19A1E7C7005F7212 /* SimpleWeatherTests */ = {
			isa = PBXNativeTarget;
			buildConfigurationList = 86412C8119A1E7C8005F7212 /* Build configuration list for PBXNativeTarget "SimpleWeatherTests" */;
			buildPhases = (
				86412C6919A1E7C7005F7212 /* Sources */,
				86412C6A19A1E7C7005F7212 /* Frameworks */,
				86412C6B19A1E7C7005F7212 /* Resources */,
			);
			buildRules = (
			);
			dependencies = (
				86412C7319A1E7C8005F7212 /* PBXTargetDependency */,
			);
			name = SimpleWeatherTests;
			productName = SimpleWeatherTests;
			productReference = 86412C6D19A1E7C7005F7212 /* SimpleWeatherTests.xctest */;
			productType = "com.apple.product-type.bundle.unit-test";
		};
/* End PBXNativeTarget section */

/* Begin PBXProject section */
		86412C4A19A1E7C7005F7212 /* Project object */ = {
			isa = PBXProject;
			attributes = {
				CLASSPREFIX = com.jaspervine;
				LastUpgradeCheck = 0510;
				ORGANIZATIONNAME = JasperVine;
				TargetAttributes = {
					86412C6C19A1E7C7005F7212 = {
						TestTargetID = 86412C5119A1E7C7005F7212;
					};
				};
			};
			buildConfigurationList = 86412C4D19A1E7C7005F7212 /* Build configuration list for PBXProject "SimpleWeather" */;
			compatibilityVersion = "Xcode 3.2";
			developmentRegion = English;
			hasScannedForEncodings = 0;
			knownRegions = (
				en,
			);
			mainGroup = 86412C4919A1E7C7005F7212;
			productRefGroup = 86412C5319A1E7C7005F7212 /* Products */;
			projectDirPath = "";
			projectRoot = "";
			targets = (
				86412C5119A1E7C7005F7212 /* SimpleWeather */,
				86412C6C19A1E7C7005F7212 /* SimpleWeatherTests */,
			);
		};
/* End PBXProject section */

/* Begin PBXResourcesBuildPhase section */
		86412C5019A1E7C7005F7212 /* Resources */ = {
			isa = PBXResourcesBuildPhase;
			buildActionMask = 2147483647;
			files = (
				86A2385F19A1EBB4003FF2FC /* weather-tstorm@2x.png in Resources */,
				86A2384819A1EBB4003FF2FC /* weather-broken.png in Resources */,
				86A2384C19A1EBB4003FF2FC /* weather-few-night.png in Resources */,
				86A2384A19A1EBB4003FF2FC /* weather-clear.png in Resources */,
				86A2385919A1EBB4003FF2FC /* weather-scattered@2x.png in Resources */,
				86A2385719A1EBB4003FF2FC /* weather-rain@2x.png in Resources */,
				86A2384D19A1EBB4003FF2FC /* weather-few-night@2x.png in Resources */,
				86A2385019A1EBB4003FF2FC /* weather-mist.png in Resources */,
				86A2385C19A1EBB4003FF2FC /* weather-snow.png in Resources */,
				86A2385619A1EBB4003FF2FC /* weather-rain.png in Resources */,
				86A2385419A1EBB4003FF2FC /* weather-rain-night.png in Resources */,
				86412C6019A1E7C7005F7212 /* InfoPlist.strings in Resources */,
				86A2385319A1EBB4003FF2FC /* weather-moon@2x.png in Resources */,
				86A2385119A1EBB4003FF2FC /* weather-mist@2x.png in Resources */,
				86A2385E19A1EBB4003FF2FC /* weather-tstorm.png in Resources */,
				86A2385A19A1EBB4003FF2FC /* weather-shower.png in Resources */,
				86A2385219A1EBB4003FF2FC /* weather-moon.png in Resources */,
				86A2385519A1EBB4003FF2FC /* weather-rain-night@2x.png in Resources */,
				86A2385D19A1EBB4003FF2FC /* weather-snow@2x.png in Resources */,
				86A2385B19A1EBB4003FF2FC /* weather-shower@2x.png in Resources */,
				86A2384E19A1EBB4003FF2FC /* weather-few.png in Resources */,
				86A2384F19A1EBB4003FF2FC /* weather-few@2x.png in Resources */,
				86A2384919A1EBB4003FF2FC /* weather-broken@2x.png in Resources */,
				86412C6819A1E7C7005F7212 /* Images.xcassets in Resources */,
				86A2385819A1EBB4003FF2FC /* weather-scattered.png in Resources */,
				86A2384B19A1EBB4003FF2FC /* weather-clear@2x.png in Resources */,
				86A2384619A1EBB4003FF2FC /* bg.png in Resources */,
				86A2384719A1EBB4003FF2FC /* bg@2x.png in Resources */,
			);
			runOnlyForDeploymentPostprocessing = 0;
		};
		86412C6B19A1E7C7005F7212 /* Resources */ = {
			isa = PBXResourcesBuildPhase;
			buildActionMask = 2147483647;
			files = (
				86412C7919A1E7C8005F7212 /* InfoPlist.strings in Resources */,
			);
			runOnlyForDeploymentPostprocessing = 0;
		};
/* End PBXResourcesBuildPhase section */

/* Begin PBXShellScriptBuildPhase section */
		46716B4F9BEF4C119869E227 /* Copy Pods Resources */ = {
			isa = PBXShellScriptBuildPhase;
			buildActionMask = 2147483647;
			files = (
			);
			inputPaths = (
			);
			name = "Copy Pods Resources";
			outputPaths = (
			);
			runOnlyForDeploymentPostprocessing = 0;
			shellPath = /bin/sh;
			shellScript = "\"${SRCROOT}/Pods/Pods-resources.sh\"\n";
			showEnvVarsInLog = 0;
		};
		96A5B2C7849249B3916B3268 /* Check Pods Manifest.lock */ = {
			isa = PBXShellScriptBuildPhase;
			buildActionMask = 2147483647;
			files = (
			);
			inputPaths = (
			);
			name = "Check Pods Manifest.lock";
			outputPaths = (
			);
			runOnlyForDeploymentPostprocessing = 0;
			shellPath = /bin/sh;
			shellScript = "diff \"${PODS_ROOT}/../Podfile.lock\" \"${PODS_ROOT}/Manifest.lock\" > /dev/null\nif [[ $? != 0 ]] ; then\n    cat << EOM\nerror: The sandbox is not in sync with the Podfile.lock. Run 'pod install' or update your CocoaPods installation.\nEOM\n    exit 1\nfi\n";
			showEnvVarsInLog = 0;
		};
/* End PBXShellScriptBuildPhase section */

/* Begin PBXSourcesBuildPhase section */
		86412C4E19A1E7C7005F7212 /* Sources */ = {
			isa = PBXSourcesBuildPhase;
			buildActionMask = 2147483647;
			files = (
				86A2386819A1EF92003FF2FC /* WXManager.m in Sources */,
				86A2386E19A1EFAB003FF2FC /* WXDailyForecast.m in Sources */,
				86412C6219A1E7C7005F7212 /* main.m in Sources */,
				86412C6619A1E7C7005F7212 /* com_jaspervineAppDelegate.m in Sources */,
				86A2382919A1EA04003FF2FC /* WXViewController.m in Sources */,
				86A2386B19A1EF9D003FF2FC /* WXCondition.m in Sources */,
				86A2386519A1EF77003FF2FC /* WXClient.m in Sources */,
			);
			runOnlyForDeploymentPostprocessing = 0;
		};
		86412C6919A1E7C7005F7212 /* Sources */ = {
			isa = PBXSourcesBuildPhase;
			buildActionMask = 2147483647;
			files = (
				86412C7B19A1E7C8005F7212 /* SimpleWeatherTests.m in Sources */,
			);
			runOnlyForDeploymentPostprocessing = 0;
		};
/* End PBXSourcesBuildPhase section */

/* Begin PBXTargetDependency section */
		86412C7319A1E7C8005F7212 /* PBXTargetDependency */ = {
			isa = PBXTargetDependency;
			target = 86412C5119A1E7C7005F7212 /* SimpleWeather */;
			targetProxy = 86412C7219A1E7C8005F7212 /* PBXContainerItemProxy */;
		};
/* End PBXTargetDependency section */

/* Begin PBXVariantGroup section */
		86412C5E19A1E7C7005F7212 /* InfoPlist.strings */ = {
			isa = PBXVariantGroup;
			children = (
				86412C5F19A1E7C7005F7212 /* en */,
			);
			name = InfoPlist.strings;
			sourceTree = "<group>";
		};
		86412C7719A1E7C8005F7212 /* InfoPlist.strings */ = {
			isa = PBXVariantGroup;
			children = (
				86412C7819A1E7C8005F7212 /* en */,
			);
			name = InfoPlist.strings;
			sourceTree = "<group>";
		};
/* End PBXVariantGroup section */

/* Begin XCBuildConfiguration section */
		86412C7C19A1E7C8005F7212 /* Debug */ = {
			isa = XCBuildConfiguration;
			buildSettings = {
				ALWAYS_SEARCH_USER_PATHS = NO;
				CLANG_CXX_LANGUAGE_STANDARD = "gnu++0x";
				CLANG_CXX_LIBRARY = "libc++";
				CLANG_ENABLE_MODULES = YES;
				CLANG_ENABLE_OBJC_ARC = YES;
				CLANG_WARN_BOOL_CONVERSION = YES;
				CLANG_WARN_CONSTANT_CONVERSION = YES;
				CLANG_WARN_DIRECT_OBJC_ISA_USAGE = YES_ERROR;
				CLANG_WARN_EMPTY_BODY = YES;
				CLANG_WARN_ENUM_CONVERSION = YES;
				CLANG_WARN_INT_CONVERSION = YES;
				CLANG_WARN_OBJC_ROOT_CLASS = YES_ERROR;
				CLANG_WARN__DUPLICATE_METHOD_MATCH = YES;
				"CODE_SIGN_IDENTITY[sdk=iphoneos*]" = "iPhone Developer";
				COPY_PHASE_STRIP = NO;
				GCC_C_LANGUAGE_STANDARD = gnu99;
				GCC_DYNAMIC_NO_PIC = NO;
				GCC_OPTIMIZATION_LEVEL = 0;
				GCC_PREPROCESSOR_DEFINITIONS = (
					"DEBUG=1",
					"$(inherited)",
				);
				GCC_SYMBOLS_PRIVATE_EXTERN = NO;
				GCC_WARN_64_TO_32_BIT_CONVERSION = YES;
				GCC_WARN_ABOUT_RETURN_TYPE = YES_ERROR;
				GCC_WARN_UNDECLARED_SELECTOR = YES;
				GCC_WARN_UNINITIALIZED_AUTOS = YES_AGGRESSIVE;
				GCC_WARN_UNUSED_FUNCTION = YES;
				GCC_WARN_UNUSED_VARIABLE = YES;
				IPHONEOS_DEPLOYMENT_TARGET = 7.1;
				ONLY_ACTIVE_ARCH = YES;
				SDKROOT = iphoneos;
				TARGETED_DEVICE_FAMILY = "1,2";
			};
			name = Debug;
		};
		86412C7D19A1E7C8005F7212 /* Release */ = {
			isa = XCBuildConfiguration;
			buildSettings = {
				ALWAYS_SEARCH_USER_PATHS = NO;
				CLANG_CXX_LANGUAGE_STANDARD = "gnu++0x";
				CLANG_CXX_LIBRARY = "libc++";
				CLANG_ENABLE_MODULES = YES;
				CLANG_ENABLE_OBJC_ARC = YES;
				CLANG_WARN_BOOL_CONVERSION = YES;
				CLANG_WARN_CONSTANT_CONVERSION = YES;
				CLANG_WARN_DIRECT_OBJC_ISA_USAGE = YES_ERROR;
				CLANG_WARN_EMPTY_BODY = YES;
				CLANG_WARN_ENUM_CONVERSION = YES;
				CLANG_WARN_INT_CONVERSION = YES;
				CLANG_WARN_OBJC_ROOT_CLASS = YES_ERROR;
				CLANG_WARN__DUPLICATE_METHOD_MATCH = YES;
				"CODE_SIGN_IDENTITY[sdk=iphoneos*]" = "iPhone Developer";
				COPY_PHASE_STRIP = YES;
				ENABLE_NS_ASSERTIONS = NO;
				GCC_C_LANGUAGE_STANDARD = gnu99;
				GCC_WARN_64_TO_32_BIT_CONVERSION = YES;
				GCC_WARN_ABOUT_RETURN_TYPE = YES_ERROR;
				GCC_WARN_UNDECLARED_SELECTOR = YES;
				GCC_WARN_UNINITIALIZED_AUTOS = YES_AGGRESSIVE;
				GCC_WARN_UNUSED_FUNCTION = YES;
				GCC_WARN_UNUSED_VARIABLE = YES;
				IPHONEOS_DEPLOYMENT_TARGET = 7.1;
				SDKROOT = iphoneos;
				TARGETED_DEVICE_FAMILY = "1,2";
				VALIDATE_PRODUCT = YES;
			};
			name = Release;
		};
		86412C7F19A1E7C8005F7212 /* Debug */ = {
			isa = XCBuildConfiguration;
			baseConfigurationReference = 74A00731F6D4435CBE5E55FD /* Pods.xcconfig */;
			buildSettings = {
				ASSETCATALOG_COMPILER_APPICON_NAME = AppIcon;
				ASSETCATALOG_COMPILER_LAUNCHIMAGE_NAME = LaunchImage;
				GCC_PRECOMPILE_PREFIX_HEADER = YES;
				GCC_PREFIX_HEADER = "SimpleWeather/SimpleWeather-Prefix.pch";
				INFOPLIST_FILE = "SimpleWeather/SimpleWeather-Info.plist";
				PRODUCT_NAME = "$(TARGET_NAME)";
				WRAPPER_EXTENSION = app;
			};
			name = Debug;
		};
		86412C8019A1E7C8005F7212 /* Release */ = {
			isa = XCBuildConfiguration;
			baseConfigurationReference = 74A00731F6D4435CBE5E55FD /* Pods.xcconfig */;
			buildSettings = {
				ASSETCATALOG_COMPILER_APPICON_NAME = AppIcon;
				ASSETCATALOG_COMPILER_LAUNCHIMAGE_NAME = LaunchImage;
				GCC_PRECOMPILE_PREFIX_HEADER = YES;
				GCC_PREFIX_HEADER = "SimpleWeather/SimpleWeather-Prefix.pch";
				INFOPLIST_FILE = "SimpleWeather/SimpleWeather-Info.plist";
				PRODUCT_NAME = "$(TARGET_NAME)";
				WRAPPER_EXTENSION = app;
			};
			name = Release;
		};
		86412C8219A1E7C8005F7212 /* Debug */ = {
			isa = XCBuildConfiguration;
			buildSettings = {
				BUNDLE_LOADER = "$(BUILT_PRODUCTS_DIR)/SimpleWeather.app/SimpleWeather";
				FRAMEWORK_SEARCH_PATHS = (
					"$(SDKROOT)/Developer/Library/Frameworks",
					"$(inherited)",
					"$(DEVELOPER_FRAMEWORKS_DIR)",
				);
				GCC_PRECOMPILE_PREFIX_HEADER = YES;
				GCC_PREFIX_HEADER = "SimpleWeather/SimpleWeather-Prefix.pch";
				GCC_PREPROCESSOR_DEFINITIONS = (
					"DEBUG=1",
					"$(inherited)",
				);
				INFOPLIST_FILE = "SimpleWeatherTests/SimpleWeatherTests-Info.plist";
				PRODUCT_NAME = "$(TARGET_NAME)";
				TEST_HOST = "$(BUNDLE_LOADER)";
				WRAPPER_EXTENSION = xctest;
			};
			name = Debug;
		};
		86412C8319A1E7C8005F7212 /* Release */ = {
			isa = XCBuildConfiguration;
			buildSettings = {
				BUNDLE_LOADER = "$(BUILT_PRODUCTS_DIR)/SimpleWeather.app/SimpleWeather";
				FRAMEWORK_SEARCH_PATHS = (
					"$(SDKROOT)/Developer/Library/Frameworks",
					"$(inherited)",
					"$(DEVELOPER_FRAMEWORKS_DIR)",
				);
				GCC_PRECOMPILE_PREFIX_HEADER = YES;
				GCC_PREFIX_HEADER = "SimpleWeather/SimpleWeather-Prefix.pch";
				INFOPLIST_FILE = "SimpleWeatherTests/SimpleWeatherTests-Info.plist";
				PRODUCT_NAME = "$(TARGET_NAME)";
				TEST_HOST = "$(BUNDLE_LOADER)";
				WRAPPER_EXTENSION = xctest;
			};
			name = Release;
		};
/* End XCBuildConfiguration section */

/* Begin XCConfigurationList section */
		86412C4D19A1E7C7005F7212 /* Build configuration list for PBXProject "SimpleWeather" */ = {
			isa = XCConfigurationList;
			buildConfigurations = (
				86412C7C19A1E7C8005F7212 /* Debug */,
				86412C7D19A1E7C8005F7212 /* Release */,
			);
			defaultConfigurationIsVisible = 0;
			defaultConfigurationName = Release;
		};
		86412C7E19A1E7C8005F7212 /* Build configuration list for PBXNativeTarget "SimpleWeather" */ = {
			isa = XCConfigurationList;
			buildConfigurations = (
				86412C7F19A1E7C8005F7212 /* Debug */,
				86412C8019A1E7C8005F7212 /* Release */,
			);
			defaultConfigurationIsVisible = 0;
			defaultConfigurationName = Release;
		};
		86412C8119A1E7C8005F7212 /* Build configuration list for PBXNativeTarget "SimpleWeatherTests" */ = {
			isa = XCConfigurationList;
			buildConfigurations = (
				86412C8219A1E7C8005F7212 /* Debug */,
				86412C8319A1E7C8005F7212 /* Release */,
			);
			defaultConfigurationIsVisible = 0;
			defaultConfigurationName = Release;
		};
/* End XCConfigurationList section */
	};
	rootObject = 86412C4A19A1E7C7005F7212 /* Project object */;
}
