// !$*UTF8*$!
{
	archiveVersion = 1;
	classes = {
	};
	objectVersion = 46;
	objects = {

/* Begin PBXBuildFile section */
		86412C5619A1E7C7005F7212 /* Foundation.framework in Frameworks */ = {isa = PBXBuildFile; fileRef = 86412C5519A1E7C7005F7212 /* Foundation.framework */; };
		86412C5819A1E7C7005F7212 /* CoreGraphics.framework in Frameworks */ = {isa = PBXBuildFile; fileRef = 86412C5719A1E7C7005F7212 /* CoreGraphics.framework */; };
		86412C5A19A1E7C7005F7212 /* UIKit.framework in Frameworks */ = {isa = PBXBuildFile; fileRef = 86412C5919A1E7C7005F7212 /* UIKit.framework */; };
		86412C6019A1E7C7005F7212 /* InfoPlist.strings in Resources */ = {isa = PBXBuildFile; fileRef = 86412C5E19A1E7C7005F7212 /* InfoPlist.strings */; };
		86412C6219A1E7C7005F7212 /* main.m in Sources */ = {isa = PBXBuildFile; fileRef = 86412C6119A1E7C7005F7212 /* main.m */; };
		86412C6619A1E7C7005F7212 /* com_jaspervineAppDelegate.m in Sources */ = {isa = PBXBuildFile; fileRef = 86412C6519A1E7C7005F7212 /* com_jaspervineAppDelegate.m */; };
		86412C6819A1E7C7005F7212 /* Images.xcassets in Resources */ = {isa = PBXBuildFile; fileRef = 86412C6719A1E7C7005F7212 /* Images.xcassets */; };
		86412C6F19A1E7C7005F7212 /* XCTest.framework in Frameworks */ = {isa = PBXBuildFile; fileRef = 86412C6E19A1E7C7005F7212 /* XCTest.framework */; };
		86412C7019A1E7C8005F7212 /* Foundation.framework in Frameworks */ = {isa = PBXBuildFile; fileRef = 86412C5519A1E7C7005F7212 /* Foundation.framework */; };
		86412C7119A1E7C8005F7212 /* UIKit.framework in Frameworks */ = {isa = PBXBuildFile; fileRef = 86412C5919A1E7C7005F7212 /* UIKit.framework */; };
		86412C7919A1E7C8005F7212 /* InfoPlist.strings in Resources */ = {isa = PBXBuildFile; fileRef = 86412C7719A1E7C8005F7212 /* InfoPlist.strings */; };
		86412C7B19A1E7C8005F7212 /* SimpleWeatherTests.m in Sources */ = {isa = PBXBuildFile; fileRef = 86412C7A19A1E7C8005F7212 /* SimpleWeatherTests.m */; };
/* End PBXBuildFile section */

/* Begin PBXContainerItemProxy section */
		86412C7219A1E7C8005F7212 /* PBXContainerItemProxy */ = {
			isa = PBXContainerItemProxy;
			containerPortal = 86412C4A19A1E7C7005F7212 /* Project object */;
			proxyType = 1;
			remoteGlobalIDString = 86412C5119A1E7C7005F7212;
			remoteInfo = SimpleWeather;
		};
/* End PBXContainerItemProxy section */

/* Begin PBXFileReference section */
		86412C5219A1E7C7005F7212 /* SimpleWeather.app */ = {isa = PBXFileReference; explicitFileType = wrapper.application; includeInIndex = 0; path = SimpleWeather.app; sourceTree = BUILT_PRODUCTS_DIR; };
		86412C5519A1E7C7005F7212 /* Foundation.framework */ = {isa = PBXFileReference; lastKnownFileType = wrapper.framework; name = Foundation.framework; path = System/Library/Frameworks/Foundation.framework; sourceTree = SDKROOT; };
		86412C5719A1E7C7005F7212 /* CoreGraphics.framework */ = {isa = PBXFileReference; lastKnownFileType = wrapper.framework; name = CoreGraphics.framework; path = System/Library/Frameworks/CoreGraphics.framework; sourceTree = SDKROOT; };
		86412C5919A1E7C7005F7212 /* UIKit.framework */ = {isa = PBXFileReference; lastKnownFileType = wrapper.framework; name = UIKit.framework; path = System/Library/Frameworks/UIKit.framework; sourceTree = SDKROOT; };
		86412C5D19A1E7C7005F7212 /* SimpleWeather-Info.plist */ = {isa = PBXFileReference; lastKnownFileType = text.plist.xml; path = "SimpleWeather-Info.plist"; sourceTree = "<group>"; };
		86412C5F19A1E7C7005F7212 /* en */ = {isa = PBXFileReference; lastKnownFileType = text.plist.strings; name = en; path = en.lproj/InfoPlist.strings; sourceTree = "<group>"; };
		86412C6119A1E7C7005F7212 /* main.m */ = {isa = PBXFileReference; lastKnownFileType = sourcecode.c.objc; path = main.m; sourceTree = "<group>"; };
		86412C6319A1E7C7005F7212 /* SimpleWeather-Prefix.pch */ = {isa = PBXFileReference; lastKnownFileType = sourcecode.c.h; path = "SimpleWeather-Prefix.pch"; sourceTree = "<group>"; };
		86412C6419A1E7C7005F7212 /* com_jaspervineAppDelegate.h */ = {isa = PBXFileReference; lastKnownFileType = sourcecode.c.h; path = com_jaspervineAppDelegate.h; sourceTree = "<group>"; };
		86412C6519A1E7C7005F7212 /* com_jaspervineAppDelegate.m */ = {isa = PBXFileReference; lastKnownFileType = sourcecode.c.objc; path = com_jaspervineAppDelegate.m; sourceTree = "<group>"; };
		86412C6719A1E7C7005F7212 /* Images.xcassets */ = {isa = PBXFileReference; lastKnownFileType = folder.assetcatalog; path = Images.xcassets; sourceTree = "<group>"; };
		86412C6D19A1E7C7005F7212 /* SimpleWeatherTests.xctest */ = {isa = PBXFileReference; explicitFileType = wrapper.cfbundle; includeInIndex = 0; path = SimpleWeatherTests.xctest; sourceTree = BUILT_PRODUCTS_DIR; };
		86412C6E19A1E7C7005F7212 /* XCTest.framework */ = {isa = PBXFileReference; lastKnownFileType = wrapper.framework; name = XCTest.framework; path = Library/Frameworks/XCTest.framework; sourceTree = DEVELOPER_DIR; };
		86412C7619A1E7C8005F7212 /* SimpleWeatherTests-Info.plist */ = {isa = PBXFileReference; lastKnownFileType = text.plist.xml; path = "SimpleWeatherTests-Info.plist"; sourceTree = "<group>"; };
		86412C7819A1E7C8005F7212 /* en */ = {isa = PBXFileReference; lastKnownFileType = text.plist.strings; name = en; path = en.lproj/InfoPlist.strings; sourceTree = "<group>"; };
		86412C7A19A1E7C8005F7212 /* SimpleWeatherTests.m */ = {isa = PBXFileReference; lastKnownFileType = sourcecode.c.objc; path = SimpleWeatherTests.m; sourceTree = "<group>"; };
/* End PBXFileReference section */

/* Begin PBXFrameworksBuildPhase section */
		86412C4F19A1E7C7005F7212 /* Frameworks */ = {
			isa = PBXFrameworksBuildPhase;
			buildActionMask = 2147483647;
			files = (
				86412C5819A1E7C7005F7212 /* CoreGraphics.framework in Frameworks */,
				86412C5A19A1E7C7005F7212 /* UIKit.framework in Frameworks */,
				86412C5619A1E7C7005F7212 /* Foundation.framework in Frameworks */,
			);
			runOnlyForDeploymentPostprocessing = 0;
		};
		86412C6A19A1E7C7005F7212 /* Frameworks */ = {
			isa = PBXFrameworksBuildPhase;
			buildActionMask = 2147483647;
			files = (
				86412C6F19A1E7C7005F7212 /* XCTest.framework in Frameworks */,
				86412C7119A1E7C8005F7212 /* UIKit.framework in Frameworks */,
				86412C7019A1E7C8005F7212 /* Foundation.framework in Frameworks */,
			);
			runOnlyForDeploymentPostprocessing = 0;
		};
/* End PBXFrameworksBuildPhase section */

/* Begin PBXGroup section */
		86412C4919A1E7C7005F7212 = {
			isa = PBXGroup;
			children = (
				86412C5B19A1E7C7005F7212 /* SimpleWeather */,
				86412C7419A1E7C8005F7212 /* SimpleWeatherTests */,
				86412C5419A1E7C7005F7212 /* Frameworks */,
				86412C5319A1E7C7005F7212 /* Products */,
			);
			sourceTree = "<group>";
		};
		86412C5319A1E7C7005F7212 /* Products */ = {
			isa = PBXGroup;
			children = (
				86412C5219A1E7C7005F7212 /* SimpleWeather.app */,
				86412C6D19A1E7C7005F7212 /* SimpleWeatherTests.xctest */,
			);
			name = Products;
			sourceTree = "<group>";
		};
		86412C5419A1E7C7005F7212 /* Frameworks */ = {
			isa = PBXGroup;
			children = (
				86412C5519A1E7C7005F7212 /* Foundation.framework */,
				86412C5719A1E7C7005F7212 /* CoreGraphics.framework */,
				86412C5919A1E7C7005F7212 /* UIKit.framework */,
				86412C6E19A1E7C7005F7212 /* XCTest.framework */,
			);
			name = Frameworks;
			sourceTree = "<group>";
		};
		86412C5B19A1E7C7005F7212 /* SimpleWeather */ = {
			isa = PBXGroup;
			children = (
				86412C6419A1E7C7005F7212 /* com_jaspervineAppDelegate.h */,
				86412C6519A1E7C7005F7212 /* com_jaspervineAppDelegate.m */,
				86412C6719A1E7C7005F7212 /* Images.xcassets */,
				86412C5C19A1E7C7005F7212 /* Supporting Files */,
			);
			path = SimpleWeather;
			sourceTree = "<group>";
		};
		86412C5C19A1E7C7005F7212 /* Supporting Files */ = {
			isa = PBXGroup;
			children = (
				86412C5D19A1E7C7005F7212 /* SimpleWeather-Info.plist */,
				86412C5E19A1E7C7005F7212 /* InfoPlist.strings */,
				86412C6119A1E7C7005F7212 /* main.m */,
				86412C6319A1E7C7005F7212 /* SimpleWeather-Prefix.pch */,
			);
			name = "Supporting Files";
			sourceTree = "<group>";
		};
		86412C7419A1E7C8005F7212 /* SimpleWeatherTests */ = {
			isa = PBXGroup;
			children = (
				86412C7A19A1E7C8005F7212 /* SimpleWeatherTests.m */,
				86412C7519A1E7C8005F7212 /* Supporting Files */,
			);
			path = SimpleWeatherTests;
			sourceTree = "<group>";
		};
		86412C7519A1E7C8005F7212 /* Supporting Files */ = {
			isa = PBXGroup;
			children = (
				86412C7619A1E7C8005F7212 /* SimpleWeatherTests-Info.plist */,
				86412C7719A1E7C8005F7212 /* InfoPlist.strings */,
			);
			name = "Supporting Files";
			sourceTree = "<group>";
		};
/* End PBXGroup section */

/* Begin PBXNativeTarget section */
		86412C5119A1E7C7005F7212 /* SimpleWeather */ = {
			isa = PBXNativeTarget;
			buildConfigurationList = 86412C7E19A1E7C8005F7212 /* Build configuration list for PBXNativeTarget "SimpleWeather" */;
			buildPhases = (
				86412C4E19A1E7C7005F7212 /* Sources */,
				86412C4F19A1E7C7005F7212 /* Frameworks */,
				86412C5019A1E7C7005F7212 /* Resources */,
			);
			buildRules = (
			);
			dependencies = (
			);
			name = SimpleWeather;
			productName = SimpleWeather;
			productReference = 86412C5219A1E7C7005F7212 /* SimpleWeather.app */;
			productType = "com.apple.product-type.application";
		};
		86412C6C19A1E7C7005F7212 /* SimpleWeatherTests */ = {
			isa = PBXNativeTarget;
			buildConfigurationList = 86412C8119A1E7C8005F7212 /* Build configuration list for PBXNativeTarget "SimpleWeatherTests" */;
			buildPhases = (
				86412C6919A1E7C7005F7212 /* Sources */,
				86412C6A19A1E7C7005F7212 /* Frameworks */,
				86412C6B19A1E7C7005F7212 /* Resources */,
			);
			buildRules = (
			);
			dependencies = (
				86412C7319A1E7C8005F7212 /* PBXTargetDependency */,
			);
			name = SimpleWeatherTests;
			productName = SimpleWeatherTests;
			productReference = 86412C6D19A1E7C7005F7212 /* SimpleWeatherTests.xctest */;
			productType = "com.apple.product-type.bundle.unit-test";
		};
/* End PBXNativeTarget section */

/* Begin PBXProject section */
		86412C4A19A1E7C7005F7212 /* Project object */ = {
			isa = PBXProject;
			attributes = {
				CLASSPREFIX = com.jaspervine;
				LastUpgradeCheck = 0510;
				ORGANIZATIONNAME = JasperVine;
				TargetAttributes = {
					86412C6C19A1E7C7005F7212 = {
						TestTargetID = 86412C5119A1E7C7005F7212;
					};
				};
			};
			buildConfigurationList = 86412C4D19A1E7C7005F7212 /* Build configuration list for PBXProject "SimpleWeather" */;
			compatibilityVersion = "Xcode 3.2";
			developmentRegion = English;
			hasScannedForEncodings = 0;
			knownRegions = (
				en,
			);
			mainGroup = 86412C4919A1E7C7005F7212;
			productRefGroup = 86412C5319A1E7C7005F7212 /* Products */;
			projectDirPath = "";
			projectRoot = "";
			targets = (
				86412C5119A1E7C7005F7212 /* SimpleWeather */,
				86412C6C19A1E7C7005F7212 /* SimpleWeatherTests */,
			);
		};
/* End PBXProject section */

/* Begin PBXResourcesBuildPhase section */
		86412C5019A1E7C7005F7212 /* Resources */ = {
			isa = PBXResourcesBuildPhase;
			buildActionMask = 2147483647;
			files = (
				86412C6019A1E7C7005F7212 /* InfoPlist.strings in Resources */,
				86412C6819A1E7C7005F7212 /* Images.xcassets in Resources */,
			);
			runOnlyForDeploymentPostprocessing = 0;
		};
		86412C6B19A1E7C7005F7212 /* Resources */ = {
			isa = PBXResourcesBuildPhase;
			buildActionMask = 2147483647;
			files = (
				86412C7919A1E7C8005F7212 /* InfoPlist.strings in Resources */,
			);
			runOnlyForDeploymentPostprocessing = 0;
		};
/* End PBXResourcesBuildPhase section */

/* Begin PBXSourcesBuildPhase section */
		86412C4E19A1E7C7005F7212 /* Sources */ = {
			isa = PBXSourcesBuildPhase;
			buildActionMask = 2147483647;
			files = (
				86412C6219A1E7C7005F7212 /* main.m in Sources */,
				86412C6619A1E7C7005F7212 /* com_jaspervineAppDelegate.m in Sources */,
			);
			runOnlyForDeploymentPostprocessing = 0;
		};
		86412C6919A1E7C7005F7212 /* Sources */ = {
			isa = PBXSourcesBuildPhase;
			buildActionMask = 2147483647;
			files = (
				86412C7B19A1E7C8005F7212 /* SimpleWeatherTests.m in Sources */,
			);
			runOnlyForDeploymentPostprocessing = 0;
		};
/* End PBXSourcesBuildPhase section */

/* Begin PBXTargetDependency section */
		86412C7319A1E7C8005F7212 /* PBXTargetDependency */ = {
			isa = PBXTargetDependency;
			target = 86412C5119A1E7C7005F7212 /* SimpleWeather */;
			targetProxy = 86412C7219A1E7C8005F7212 /* PBXContainerItemProxy */;
		};
/* End PBXTargetDependency section */

/* Begin PBXVariantGroup section */
		86412C5E19A1E7C7005F7212 /* InfoPlist.strings */ = {
			isa = PBXVariantGroup;
			children = (
				86412C5F19A1E7C7005F7212 /* en */,
			);
			name = InfoPlist.strings;
			sourceTree = "<group>";
		};
		86412C7719A1E7C8005F7212 /* InfoPlist.strings */ = {
			isa = PBXVariantGroup;
			children = (
				86412C7819A1E7C8005F7212 /* en */,
			);
			name = InfoPlist.strings;
			sourceTree = "<group>";
		};
/* End PBXVariantGroup section */

/* Begin XCBuildConfiguration section */
		86412C7C19A1E7C8005F7212 /* Debug */ = {
			isa = XCBuildConfiguration;
			buildSettings = {
				ALWAYS_SEARCH_USER_PATHS = NO;
				CLANG_CXX_LANGUAGE_STANDARD = "gnu++0x";
				CLANG_CXX_LIBRARY = "libc++";
				CLANG_ENABLE_MODULES = YES;
				CLANG_ENABLE_OBJC_ARC = YES;
				CLANG_WARN_BOOL_CONVERSION = YES;
				CLANG_WARN_CONSTANT_CONVERSION = YES;
				CLANG_WARN_DIRECT_OBJC_ISA_USAGE = YES_ERROR;
				CLANG_WARN_EMPTY_BODY = YES;
				CLANG_WARN_ENUM_CONVERSION = YES;
				CLANG_WARN_INT_CONVERSION = YES;
				CLANG_WARN_OBJC_ROOT_CLASS = YES_ERROR;
				CLANG_WARN__DUPLICATE_METHOD_MATCH = YES;
				"CODE_SIGN_IDENTITY[sdk=iphoneos*]" = "iPhone Developer";
				COPY_PHASE_STRIP = NO;
				GCC_C_LANGUAGE_STANDARD = gnu99;
				GCC_DYNAMIC_NO_PIC = NO;
				GCC_OPTIMIZATION_LEVEL = 0;
				GCC_PREPROCESSOR_DEFINITIONS = (
					"DEBUG=1",
					"$(inherited)",
				);
				GCC_SYMBOLS_PRIVATE_EXTERN = NO;
				GCC_WARN_64_TO_32_BIT_CONVERSION = YES;
				GCC_WARN_ABOUT_RETURN_TYPE = YES_ERROR;
				GCC_WARN_UNDECLARED_SELECTOR = YES;
				GCC_WARN_UNINITIALIZED_AUTOS = YES_AGGRESSIVE;
				GCC_WARN_UNUSED_FUNCTION = YES;
				GCC_WARN_UNUSED_VARIABLE = YES;
				IPHONEOS_DEPLOYMENT_TARGET = 7.1;
				ONLY_ACTIVE_ARCH = YES;
				SDKROOT = iphoneos;
				TARGETED_DEVICE_FAMILY = "1,2";
			};
			name = Debug;
		};
		86412C7D19A1E7C8005F7212 /* Release */ = {
			isa = XCBuildConfiguration;
			buildSettings = {
				ALWAYS_SEARCH_USER_PATHS = NO;
				CLANG_CXX_LANGUAGE_STANDARD = "gnu++0x";
				CLANG_CXX_LIBRARY = "libc++";
				CLANG_ENABLE_MODULES = YES;
				CLANG_ENABLE_OBJC_ARC = YES;
				CLANG_WARN_BOOL_CONVERSION = YES;
				CLANG_WARN_CONSTANT_CONVERSION = YES;
				CLANG_WARN_DIRECT_OBJC_ISA_USAGE = YES_ERROR;
				CLANG_WARN_EMPTY_BODY = YES;
				CLANG_WARN_ENUM_CONVERSION = YES;
				CLANG_WARN_INT_CONVERSION = YES;
				CLANG_WARN_OBJC_ROOT_CLASS = YES_ERROR;
				CLANG_WARN__DUPLICATE_METHOD_MATCH = YES;
				"CODE_SIGN_IDENTITY[sdk=iphoneos*]" = "iPhone Developer";
				COPY_PHASE_STRIP = YES;
				ENABLE_NS_ASSERTIONS = NO;
				GCC_C_LANGUAGE_STANDARD = gnu99;
				GCC_WARN_64_TO_32_BIT_CONVERSION = YES;
				GCC_WARN_ABOUT_RETURN_TYPE = YES_ERROR;
				GCC_WARN_UNDECLARED_SELECTOR = YES;
				GCC_WARN_UNINITIALIZED_AUTOS = YES_AGGRESSIVE;
				GCC_WARN_UNUSED_FUNCTION = YES;
				GCC_WARN_UNUSED_VARIABLE = YES;
				IPHONEOS_DEPLOYMENT_TARGET = 7.1;
				SDKROOT = iphoneos;
				TARGETED_DEVICE_FAMILY = "1,2";
				VALIDATE_PRODUCT = YES;
			};
			name = Release;
		};
		86412C7F19A1E7C8005F7212 /* Debug */ = {
			isa = XCBuildConfiguration;
			buildSettings = {
				ASSETCATALOG_COMPILER_APPICON_NAME = AppIcon;
				ASSETCATALOG_COMPILER_LAUNCHIMAGE_NAME = LaunchImage;
				GCC_PRECOMPILE_PREFIX_HEADER = YES;
				GCC_PREFIX_HEADER = "SimpleWeather/SimpleWeather-Prefix.pch";
				INFOPLIST_FILE = "SimpleWeather/SimpleWeather-Info.plist";
				PRODUCT_NAME = "$(TARGET_NAME)";
				WRAPPER_EXTENSION = app;
			};
			name = Debug;
		};
		86412C8019A1E7C8005F7212 /* Release */ = {
			isa = XCBuildConfiguration;
			buildSettings = {
				ASSETCATALOG_COMPILER_APPICON_NAME = AppIcon;
				ASSETCATALOG_COMPILER_LAUNCHIMAGE_NAME = LaunchImage;
				GCC_PRECOMPILE_PREFIX_HEADER = YES;
				GCC_PREFIX_HEADER = "SimpleWeather/SimpleWeather-Prefix.pch";
				INFOPLIST_FILE = "SimpleWeather/SimpleWeather-Info.plist";
				PRODUCT_NAME = "$(TARGET_NAME)";
				WRAPPER_EXTENSION = app;
			};
			name = Release;
		};
		86412C8219A1E7C8005F7212 /* Debug */ = {
			isa = XCBuildConfiguration;
			buildSettings = {
				BUNDLE_LOADER = "$(BUILT_PRODUCTS_DIR)/SimpleWeather.app/SimpleWeather";
				FRAMEWORK_SEARCH_PATHS = (
					"$(SDKROOT)/Developer/Library/Frameworks",
					"$(inherited)",
					"$(DEVELOPER_FRAMEWORKS_DIR)",
				);
				GCC_PRECOMPILE_PREFIX_HEADER = YES;
				GCC_PREFIX_HEADER = "SimpleWeather/SimpleWeather-Prefix.pch";
				GCC_PREPROCESSOR_DEFINITIONS = (
					"DEBUG=1",
					"$(inherited)",
				);
				INFOPLIST_FILE = "SimpleWeatherTests/SimpleWeatherTests-Info.plist";
				PRODUCT_NAME = "$(TARGET_NAME)";
				TEST_HOST = "$(BUNDLE_LOADER)";
				WRAPPER_EXTENSION = xctest;
			};
			name = Debug;
		};
		86412C8319A1E7C8005F7212 /* Release */ = {
			isa = XCBuildConfiguration;
			buildSettings = {
				BUNDLE_LOADER = "$(BUILT_PRODUCTS_DIR)/SimpleWeather.app/SimpleWeather";
				FRAMEWORK_SEARCH_PATHS = (
					"$(SDKROOT)/Developer/Library/Frameworks",
					"$(inherited)",
					"$(DEVELOPER_FRAMEWORKS_DIR)",
				);
				GCC_PRECOMPILE_PREFIX_HEADER = YES;
				GCC_PREFIX_HEADER = "SimpleWeather/SimpleWeather-Prefix.pch";
				INFOPLIST_FILE = "SimpleWeatherTests/SimpleWeatherTests-Info.plist";
				PRODUCT_NAME = "$(TARGET_NAME)";
				TEST_HOST = "$(BUNDLE_LOADER)";
				WRAPPER_EXTENSION = xctest;
			};
			name = Release;
		};
/* End XCBuildConfiguration section */

/* Begin XCConfigurationList section */
		86412C4D19A1E7C7005F7212 /* Build configuration list for PBXProject "SimpleWeather" */ = {
			isa = XCConfigurationList;
			buildConfigurations = (
				86412C7C19A1E7C8005F7212 /* Debug */,
				86412C7D19A1E7C8005F7212 /* Release */,
			);
			defaultConfigurationIsVisible = 0;
			defaultConfigurationName = Release;
		};
		86412C7E19A1E7C8005F7212 /* Build configuration list for PBXNativeTarget "SimpleWeather" */ = {
			isa = XCConfigurationList;
			buildConfigurations = (
				86412C7F19A1E7C8005F7212 /* Debug */,
				86412C8019A1E7C8005F7212 /* Release */,
			);
			defaultConfigurationIsVisible = 0;
		};
		86412C8119A1E7C8005F7212 /* Build configuration list for PBXNativeTarget "SimpleWeatherTests" */ = {
			isa = XCConfigurationList;
			buildConfigurations = (
				86412C8219A1E7C8005F7212 /* Debug */,
				86412C8319A1E7C8005F7212 /* Release */,
			);
			defaultConfigurationIsVisible = 0;
		};
/* End XCConfigurationList section */
	};
	rootObject = 86412C4A19A1E7C7005F7212 /* Project object */;
}
